
Microsoft Visual Studio Solution File, Format Version 12.00
# Visual Studio 2013
VisualStudioVersion = 12.0.30501.0
MinimumVisualStudioVersion = 10.0.40219.1
Project("{FAE04EC0-301F-11D3-BF4B-00C04F79EFBC}") = "DLLTest", "DLLTest\DLLTest.csproj", "{51E6AF68-9B1A-4122-B083-3A164B482F0A}"
EndProject
Project("{FAE04EC0-301F-11D3-BF4B-00C04F79EFBC}") = "MathLibrary", "MathLibrary\MathLibrary.csproj", "{98BFCBA3-C252-42D2-A873-9B9970862834}"
EndProject
Global
	GlobalSection(SolutionConfigurationPlatforms) = preSolution
		Debug|Any CPU = Debug|Any CPU
		Release|Any CPU = Release|Any CPU
	EndGlobalSection
	GlobalSection(ProjectConfigurationPlatforms) = postSolution
		{51E6AF68-9B1A-4122-B083-3A164B482F0A}.Debug|Any CPU.ActiveCfg = Debug|Any CPU
		{51E6AF68-9B1A-4122-B083-3A164B482F0A}.Debug|Any CPU.Build.0 = Debug|Any CPU
		{51E6AF68-9B1A-4122-B083-3A164B482F0A}.Release|Any CPU.ActiveCfg = Release|Any CPU
		{51E6AF68-9B1A-4122-B083-3A164B482F0A}.Release|Any CPU.Build.0 = Release|Any CPU
		{98BFCBA3-C252-42D2-A873-9B9970862834}.Debug|Any CPU.ActiveCfg = Debug|Any CPU
		{98BFCBA3-C252-42D2-A873-9B9970862834}.Debug|Any CPU.Build.0 = Debug|Any CPU
		{98BFCBA3-C252-42D2-A873-9B9970862834}.Release|Any CPU.ActiveCfg = Release|Any CPU
		{98BFCBA3-C252-42D2-A873-9B9970862834}.Release|Any CPU.Build.0 = Release|Any CPU
	EndGlobalSection
	GlobalSection(SolutionProperties) = preSolution
		HideSolutionNode = FALSE
	EndGlobalSection
EndGlobal
